<?xml version="1.0" encoding="UTF-8" standalone="yes" ?>
<CodeBlocks_project_file>
	<FileVersion major="1" minor="6" />
	<Project>
		<Option title="Verkefni2" />
		<Option pch_mode="2" />
		<Option compiler="gcc" />
		<Build>
			<Target title="Debug">
				<Option output="bin/Debug/Verkefni2" prefix_auto="1" extension_auto="1" />
				<Option object_output="obj/Debug/" />
				<Option type="1" />
				<Option compiler="gcc" />
				<Compiler>
					<Add option="-g" />
					<Add directory="MODEL" />
					<Add directory="UI" />
<<<<<<< HEAD:Verk2 aðal/Verkefni2/Verkefni2.cbp
					<Add directory="REPOSITORIES" />
=======
>>>>>>> fc41b3c7fce63d0033131e365ba09c8f3592d1fb:Verkefni 2/Verkefni2/Verkefni2.cbp
					<Add directory="SERVICES" />
				</Compiler>
			</Target>
			<Target title="Release">
				<Option output="bin/Release/Verkefni2" prefix_auto="1" extension_auto="1" />
				<Option object_output="obj/Release/" />
				<Option type="1" />
				<Option compiler="gcc" />
				<Compiler>
					<Add option="-O2" />
					<Add directory="MODEL" />
					<Add directory="UI" />
<<<<<<< HEAD:Verk2 aðal/Verkefni2/Verkefni2.cbp
					<Add directory="REPOSITORIES" />
=======
>>>>>>> fc41b3c7fce63d0033131e365ba09c8f3592d1fb:Verkefni 2/Verkefni2/Verkefni2.cbp
					<Add directory="SERVICES" />
				</Compiler>
				<Linker>
					<Add option="-s" />
				</Linker>
			</Target>
		</Build>
		<Compiler>
			<Add option="-Wall" />
			<Add option="-fexceptions" />
		</Compiler>
		<Unit filename="MODEL/Employee.cpp" />
		<Unit filename="MODEL/Employee.h" />
<<<<<<< HEAD:Verk2 aðal/Verkefni2/Verkefni2.cbp
		<Unit filename="REPOSITORIES/EmployeeRepo.cpp" />
		<Unit filename="REPOSITORIES/EmployeeRepo.h" />
		<Unit filename="SERVICES/EmployeeService.cpp" />
		<Unit filename="SERVICES/EmployeeService.h" />
=======
		<Unit filename="SERVICES/UserService.cpp" />
		<Unit filename="SERVICES/UserService.h" />
>>>>>>> fc41b3c7fce63d0033131e365ba09c8f3592d1fb:Verkefni 2/Verkefni2/Verkefni2.cbp
		<Unit filename="UI/UserUI.cpp" />
		<Unit filename="UI/UserUI.h" />
		<Unit filename="main.cpp" />
		<Extensions>
			<code_completion />
			<envvars />
			<debugger />
			<lib_finder disable_auto="1" />
		</Extensions>
	</Project>
</CodeBlocks_project_file>
